{
  "name": "serve",
  "lockfileVersion": 3,
  "requires": true,
  "packages": {
    "": {
      "dependencies": {
        "digital-product-generator-server": "file:.."
      }
    },
    "..": {
      "name": "digital-product-generator-server",
      "version": "1.0.0",
      "dependencies": {
        "@google/genai": "^1.30.0",
        "axios": "latest",
        "bcryptjs": "latest",
        "cors": "latest",
        "dotenv": "latest",
        "express": "latest",
        "jsonwebtoken": "latest",
        "mongoose": "latest",
        "multer": "latest",
        "openai": "^4.0.0",
        "pdfkit": "latest"
      },
      "devDependencies": {
        "nodemon": "latest"
      }
    },
    "node_modules/digital-product-generator-server": {
      "resolved": "..",
      "link": true
    }
  }
}
